# Code generated by scarb DO NOT EDIT.
version = 1

[[package]]
name = "advanced_verifier"
version = "0.1.0"
dependencies = [
 "garaga",
]

[[package]]
name = "claim_verifier"
version = "0.1.0"
dependencies = [
 "garaga",
]

[[package]]
name = "corelib_imports"
version = "0.1.3"
source = "git+https://github.com/keep-starknet-strange/garaga.git?tag=v1.1.0#307c00af4a7f08653123d1ec9a6edae81f288260"

[[package]]
name = "garaga"
version = "1.1.0"
source = "git+https://github.com/keep-starknet-strange/garaga.git?tag=v1.1.0#307c00af4a7f08653123d1ec9a6edae81f288260"
dependencies = [
 "corelib_imports",
]

[[package]]
name = "integrity_verifier"
version = "0.1.0"
dependencies = [
 "garaga",
]

[[package]]
name = "payo_contracts"
version = "0.1.0"

[[package]]
name = "phase3_integration"
version = "0.1.0"
dependencies = [
 "advanced_verifier",
 "claim_verifier",
 "garaga",
 "integrity_verifier",
 "payo_contracts",
 "remediation_verifier",
 "snforge_std",
]

[[package]]
name = "remediation_verifier"
version = "0.1.0"
dependencies = [
 "garaga",
]

[[package]]
name = "snforge_scarb_plugin"
version = "0.57.0"
source = "git+https://github.com/foundry-rs/starknet-foundry.git?tag=v0.57.0#c1259b9a62e9595d1519eabb099a95f13a7e75b6"

[[package]]
name = "snforge_std"
version = "0.57.0"
source = "git+https://github.com/foundry-rs/starknet-foundry.git?tag=v0.57.0#c1259b9a62e9595d1519eabb099a95f13a7e75b6"
dependencies = [
 "snforge_scarb_plugin",
]
